
Microsoft Visual Studio Solution File, Format Version 12.00
# Visual Studio Version 17
VisualStudioVersion = 17.11.35327.3
MinimumVisualStudioVersion = 10.0.40219.1
Project("{9A19103F-16F7-4668-BE54-9A1E7A4F7556}") = "KodavimasA5", "KodavimasA5\KodavimasA5.csproj", "{70979E67-F91F-4D25-8DA2-3182AAF8961B}"
EndProject
Project("{FAE04EC0-301F-11D3-BF4B-00C04F79EFBC}") = "BMPApp", "BMPApp\BMPApp.csproj", "{094763E4-9334-46D8-8B57-3C8B5804202B}"
EndProject
Global
	GlobalSection(SolutionConfigurationPlatforms) = preSolution
		Debug|Any CPU = Debug|Any CPU
		Release|Any CPU = Release|Any CPU
	EndGlobalSection
	GlobalSection(ProjectConfigurationPlatforms) = postSolution
		{70979E67-F91F-4D25-8DA2-3182AAF8961B}.Debug|Any CPU.ActiveCfg = Debug|Any CPU
		{70979E67-F91F-4D25-8DA2-3182AAF8961B}.Debug|Any CPU.Build.0 = Debug|Any CPU
		{70979E67-F91F-4D25-8DA2-3182AAF8961B}.Release|Any CPU.ActiveCfg = Release|Any CPU
		{70979E67-F91F-4D25-8DA2-3182AAF8961B}.Release|Any CPU.Build.0 = Release|Any CPU
		{094763E4-9334-46D8-8B57-3C8B5804202B}.Debug|Any CPU.ActiveCfg = Debug|Any CPU
		{094763E4-9334-46D8-8B57-3C8B5804202B}.Debug|Any CPU.Build.0 = Debug|Any CPU
		{094763E4-9334-46D8-8B57-3C8B5804202B}.Release|Any CPU.ActiveCfg = Release|Any CPU
		{094763E4-9334-46D8-8B57-3C8B5804202B}.Release|Any CPU.Build.0 = Release|Any CPU
	EndGlobalSection
	GlobalSection(SolutionProperties) = preSolution
		HideSolutionNode = FALSE
	EndGlobalSection
	GlobalSection(ExtensibilityGlobals) = postSolution
		SolutionGuid = {3B5CF998-28DE-4EF5-8351-8E89204A66AF}
	EndGlobalSection
EndGlobal
